
Microsoft Visual Studio Solution File, Format Version 12.00
# Visual Studio Version 16
VisualStudioVersion = 16.0.31613.86
MinimumVisualStudioVersion = 10.0.40219.1
Project("{9A19103F-16F7-4668-BE54-9A1E7A4F7556}") = "AwsAuthorizerSample", "AwsAuthorizerSample\AwsAuthorizerSample.csproj", "{A2AC4876-3FE8-4203-A132-B5DD7A785D63}"
EndProject
Project("{9A19103F-16F7-4668-BE54-9A1E7A4F7556}") = "AwsJwtAuthorizerSample", "AwsJwtAuthorizerSample\AwsJwtAuthorizerSample.csproj", "{5FD88A22-2EE1-43A5-84E0-10A3FF51B130}"
EndProject
Global
	GlobalSection(SolutionConfigurationPlatforms) = preSolution
		Debug|Any CPU = Debug|Any CPU
		Release|Any CPU = Release|Any CPU
	EndGlobalSection
	GlobalSection(ProjectConfigurationPlatforms) = postSolution
		{A2AC4876-3FE8-4203-A132-B5DD7A785D63}.Debug|Any CPU.ActiveCfg = Debug|Any CPU
		{A2AC4876-3FE8-4203-A132-B5DD7A785D63}.Debug|Any CPU.Build.0 = Debug|Any CPU
		{A2AC4876-3FE8-4203-A132-B5DD7A785D63}.Release|Any CPU.ActiveCfg = Release|Any CPU
		{A2AC4876-3FE8-4203-A132-B5DD7A785D63}.Release|Any CPU.Build.0 = Release|Any CPU
		{5FD88A22-2EE1-43A5-84E0-10A3FF51B130}.Debug|Any CPU.ActiveCfg = Debug|Any CPU
		{5FD88A22-2EE1-43A5-84E0-10A3FF51B130}.Debug|Any CPU.Build.0 = Debug|Any CPU
		{5FD88A22-2EE1-43A5-84E0-10A3FF51B130}.Release|Any CPU.ActiveCfg = Release|Any CPU
		{5FD88A22-2EE1-43A5-84E0-10A3FF51B130}.Release|Any CPU.Build.0 = Release|Any CPU
	EndGlobalSection
	GlobalSection(SolutionProperties) = preSolution
		HideSolutionNode = FALSE
	EndGlobalSection
	GlobalSection(ExtensibilityGlobals) = postSolution
		SolutionGuid = {506214F5-943E-4B41-97A4-36B839512230}
	EndGlobalSection
EndGlobal
